{
  "name": "electron-quick-start",
  "version": "1.0.0",
  "lockfileVersion": 1,
  "requires": true,
  "dependencies": {
    "bindings": {
      "version": "1.3.0",
      "resolved": "https://registry.npmjs.org/bindings/-/bindings-1.3.0.tgz",
      "integrity": "sha512-DpLh5EzMR2kzvX1KIlVC0VkC3iZtHKTgdtZ0a3pglBZdaQFjt5S9g9xd1lE+YvXyfd6mtCeRnrUfOLYiTMlNSw==",
      "optional": true
    },
    "classes": {
      "version": "0.3.0",
      "resolved": "https://registry.npmjs.org/classes/-/classes-0.3.0.tgz",
      "integrity": "sha1-FuYDN0nq1EOxxUUgNBKRcI2bZ48="
    },
    "commander": {
      "version": "2.1.0",
      "resolved": "https://registry.npmjs.org/commander/-/commander-2.1.0.tgz",
      "integrity": "sha1-0SG7roYNmZKj1Re6lvVliOR8Z4E="
    },
    "component-classes": {
      "version": "1.2.6",
      "resolved": "https://registry.npmjs.org/component-classes/-/component-classes-1.2.6.tgz",
      "integrity": "sha1-xkI5TDYYpNiwuJGe/Mu9kw5c1pE=",
      "requires": {
        "component-indexof": "0.0.3"
      }
    },
    "component-closest": {
      "version": "1.0.1",
      "resolved": "https://registry.npmjs.org/component-closest/-/component-closest-1.0.1.tgz",
      "integrity": "sha1-HtBGQTL8iKNRCi2r7AeWlXifsbU=",
      "requires": {
        "component-matches-selector": "0.1.6"
      }
    },
    "component-delegate": {
      "version": "0.2.4",
      "resolved": "https://registry.npmjs.org/component-delegate/-/component-delegate-0.2.4.tgz",
      "integrity": "sha1-3FAodZ6mgb6oSj1rvWUCB8O+sTg=",
      "requires": {
        "component-closest": "1.0.1",
        "component-event": "0.1.4"
      }
    },
    "component-drop": {
      "version": "0.1.7",
      "resolved": "https://registry.npmjs.org/component-drop/-/component-drop-0.1.7.tgz",
      "integrity": "sha1-a/lw4TYsoDCe6NKgmQsmUwSq6sg=",
      "requires": {
        "component-classes": "1.2.6",
        "component-events": "1.0.10",
        "component-normalized-upload": "0.0.6"
      }
    },
    "component-event": {
      "version": "0.1.4",
      "resolved": "https://registry.npmjs.org/component-event/-/component-event-0.1.4.tgz",
      "integrity": "sha1-PeePwoeCOBeH4kvyp8U2vwFCybQ="
    },
    "component-events": {
      "version": "1.0.10",
      "resolved": "https://registry.npmjs.org/component-events/-/component-events-1.0.10.tgz",
      "integrity": "sha1-LpbRZvUAiaS3rHLVbndWrBt+i4M=",
      "requires": {
        "component-delegate": "0.2.4",
        "component-event": "0.1.4"
      }
    },
    "component-indexof": {
      "version": "0.0.3",
      "resolved": "https://registry.npmjs.org/component-indexof/-/component-indexof-0.0.3.tgz",
      "integrity": "sha1-EdCRMSI5648yyPJa6csAL/6NPCQ="
    },
    "component-matches-selector": {
      "version": "0.1.6",
      "resolved": "https://registry.npmjs.org/component-matches-selector/-/component-matches-selector-0.1.6.tgz",
      "integrity": "sha1-e2MOBOfgw7ABnzF0n9cK9e2Lly4=",
      "requires": {
        "component-query": "0.0.3"
      }
    },
    "component-normalized-upload": {
      "version": "0.0.6",
      "resolved": "https://registry.npmjs.org/component-normalized-upload/-/component-normalized-upload-0.0.6.tgz",
      "integrity": "sha1-y0tk9+DJAMPAKhk48MwsXbDP5do="
    },
    "component-query": {
      "version": "0.0.3",
      "resolved": "https://registry.npmjs.org/component-query/-/component-query-0.0.3.tgz",
      "integrity": "sha1-B/Sdq3Bx+pYGcl31PmB/RorNqs8="
    },
    "conf": {
      "version": "1.3.1",
      "resolved": "https://registry.npmjs.org/conf/-/conf-1.3.1.tgz",
      "integrity": "sha512-SGcfliUdpz5h1oZjCN5tgUwRQ/kCrTbo/PsG0yW1enGsZL5EpHVkBZoj2ERlJ8F7SiD/GfXfGm6WTHA+4OcxNA==",
      "requires": {
        "dot-prop": "4.2.0",
        "env-paths": "1.0.0",
        "make-dir": "1.0.0",
        "pkg-up": "2.0.0",
        "write-file-atomic": "2.3.0"
      }
    },
    "debug": {
      "version": "0.7.4",
      "resolved": "https://registry.npmjs.org/debug/-/debug-0.7.4.tgz",
      "integrity": "sha1-BuHqgILCyxTjmAbiLi9vdX+Srzk="
    },
    "dombo": {
      "version": "3.2.0",
      "resolved": "https://registry.npmjs.org/dombo/-/dombo-3.2.0.tgz",
      "integrity": "sha1-C+GKjxbegncHabulPf2tM9fQ3mg="
    },
    "dot-prop": {
      "version": "4.2.0",
      "resolved": "https://registry.npmjs.org/dot-prop/-/dot-prop-4.2.0.tgz",
      "integrity": "sha512-tUMXrxlExSW6U2EXiiKGSBVdYgtV8qlHL+C10TsW4PURY/ic+eaysnSkwB4kA/mBlCyy/IKDJ+Lc3wbWeaXtuQ==",
      "requires": {
        "is-obj": "1.0.1"
      }
    },
    "drop": {
      "version": "0.2.6",
      "resolved": "https://registry.npmjs.org/drop/-/drop-0.2.6.tgz",
      "integrity": "sha1-tYGYOxVlcVdtLfH5jrUn/0sAYhY=",
      "requires": {
        "debug": "0.7.4",
        "extend": "1.1.3",
        "konfu": "1.1.5",
        "lodash": "1.3.1",
        "num": "0.2.3",
        "optimist": "0.5.2",
        "ws": "0.4.32"
      }
    },
    "drop-anywhere": {
      "version": "0.7.0",
      "resolved": "https://registry.npmjs.org/drop-anywhere/-/drop-anywhere-0.7.0.tgz",
      "integrity": "sha1-fjGX3UsJvKlPyLUKWtxjypEVAic=",
      "requires": {
        "component-classes": "1.2.6",
        "component-drop": "0.1.7",
        "component-events": "1.0.10"
      }
    },
    "electron-drag": {
      "version": "1.2.0",
      "resolved": "https://registry.npmjs.org/electron-drag/-/electron-drag-1.2.0.tgz",
      "integrity": "sha1-t9U+WSKTem1H9LPZUdvCSxFoCH4=",
      "requires": {
        "dombo": "3.2.0",
        "osx-mouse": "1.2.1",
        "try-require": "1.2.1"
      }
    },
    "electron-store": {
      "version": "1.3.0",
      "resolved": "https://registry.npmjs.org/electron-store/-/electron-store-1.3.0.tgz",
      "integrity": "sha512-r1Pdl5MwpiCxgbsl0qnwv/GABO5+J/JTO16+KyqL+bOITIk9o3cq3Sw69uO9NgPkpfcKeEwxtJFbtbiBlGTiDA==",
      "requires": {
        "conf": "1.3.1"
      }
    },
    "env-paths": {
      "version": "1.0.0",
      "resolved": "https://registry.npmjs.org/env-paths/-/env-paths-1.0.0.tgz",
      "integrity": "sha1-QWgTO0K7BcOKNbGuQ5fIKYqzaeA="
    },
    "extend": {
      "version": "1.1.3",
      "resolved": "https://registry.npmjs.org/extend/-/extend-1.1.3.tgz",
      "integrity": "sha1-WuPRLjMAmHnftXTpEaLaHj2invQ="
    },
    "find-up": {
      "version": "2.1.0",
      "resolved": "https://registry.npmjs.org/find-up/-/find-up-2.1.0.tgz",
      "integrity": "sha1-RdG35QbHF93UgndaK3eSCjwMV6c=",
      "requires": {
        "locate-path": "2.0.0"
      }
    },
    "graceful-fs": {
      "version": "4.1.11",
      "resolved": "https://registry.npmjs.org/graceful-fs/-/graceful-fs-4.1.11.tgz",
      "integrity": "sha1-Dovf5NHduIVNZOBOp8AOKgJuVlg="
    },
    "imurmurhash": {
      "version": "0.1.4",
      "resolved": "https://registry.npmjs.org/imurmurhash/-/imurmurhash-0.1.4.tgz",
      "integrity": "sha1-khi5srkoojixPcT7a21XbyMUU+o="
    },
    "int": {
      "version": "0.1.2",
      "resolved": "https://registry.npmjs.org/int/-/int-0.1.2.tgz",
      "integrity": "sha1-cbICqrsSi6/Wh+SPOJgx1R+CWpM="
    },
    "is-obj": {
      "version": "1.0.1",
      "resolved": "https://registry.npmjs.org/is-obj/-/is-obj-1.0.1.tgz",
      "integrity": "sha1-PkcprB9f3gJc19g6iW2rn09n2w8="
    },
    "konfu": {
      "version": "1.1.5",
      "resolved": "https://registry.npmjs.org/konfu/-/konfu-1.1.5.tgz",
      "integrity": "sha1-LlI07TMPjv8tmTOgKqOajqWG4a4=",
      "requires": {
        "optimist": "0.3.7"
      },
      "dependencies": {
        "optimist": {
          "version": "0.3.7",
          "resolved": "https://registry.npmjs.org/optimist/-/optimist-0.3.7.tgz",
          "integrity": "sha1-yQlBrVnkJzMokjB00s8ufLxuwNk=",
          "requires": {
            "wordwrap": "0.0.3"
          }
        }
      }
    },
    "locate-path": {
      "version": "2.0.0",
      "resolved": "https://registry.npmjs.org/locate-path/-/locate-path-2.0.0.tgz",
      "integrity": "sha1-K1aLJl7slExtnA3pw9u7ygNUzY4=",
      "requires": {
        "p-locate": "2.0.0",
        "path-exists": "3.0.0"
      }
    },
    "lodash": {
      "version": "1.3.1",
      "resolved": "https://registry.npmjs.org/lodash/-/lodash-1.3.1.tgz",
      "integrity": "sha1-pGY7U2hriV/wdOK6UE37dqjit3A="
    },
    "make-dir": {
      "version": "1.0.0",
      "resolved": "https://registry.npmjs.org/make-dir/-/make-dir-1.0.0.tgz",
      "integrity": "sha1-l6ARdR6R3YfPre9Ygy67BJNt6Xg=",
      "requires": {
        "pify": "2.3.0"
      }
    },
    "nan": {
      "version": "1.0.0",
      "resolved": "https://registry.npmjs.org/nan/-/nan-1.0.0.tgz",
      "integrity": "sha1-riT4hQgY1mL8q1rPfzuVv6oszzg="
    },
    "num": {
      "version": "0.2.3",
      "resolved": "https://registry.npmjs.org/num/-/num-0.2.3.tgz",
      "integrity": "sha1-yVUqlVi5uKcqsn83iFLZHur88xs=",
      "requires": {
        "int": "0.1.2"
      }
    },
    "optimist": {
      "version": "0.5.2",
      "resolved": "https://registry.npmjs.org/optimist/-/optimist-0.5.2.tgz",
      "integrity": "sha1-hcjBRUszFeSniUfoV7HfAzRQv7w=",
      "requires": {
        "wordwrap": "0.0.3"
      }
    },
    "options": {
      "version": "0.0.6",
      "resolved": "https://registry.npmjs.org/options/-/options-0.0.6.tgz",
      "integrity": "sha1-7CLTEoBrtT5zF3Pnza788cZDEo8="
    },
    "osx-mouse": {
      "version": "1.2.1",
      "resolved": "https://registry.npmjs.org/osx-mouse/-/osx-mouse-1.2.1.tgz",
      "integrity": "sha1-zN1Nvv0yk8vE+3cwHqsTfL4ayFw=",
      "optional": true,
      "requires": {
        "bindings": "1.3.0",
        "nan": "2.7.0"
      },
      "dependencies": {
        "nan": {
          "version": "2.7.0",
          "resolved": "https://registry.npmjs.org/nan/-/nan-2.7.0.tgz",
          "integrity": "sha1-2Vv3IeyHfgjbJ27T/G63j5CDrUY=",
          "optional": true
        }
      }
    },
    "p-limit": {
      "version": "1.1.0",
      "resolved": "https://registry.npmjs.org/p-limit/-/p-limit-1.1.0.tgz",
      "integrity": "sha1-sH/y2aXYi+yAYDWJWiurZqJ5iLw="
    },
    "p-locate": {
      "version": "2.0.0",
      "resolved": "https://registry.npmjs.org/p-locate/-/p-locate-2.0.0.tgz",
      "integrity": "sha1-IKAQOyIqcMj9OcwuWAaA893l7EM=",
      "requires": {
        "p-limit": "1.1.0"
      }
    },
    "path-exists": {
      "version": "3.0.0",
      "resolved": "https://registry.npmjs.org/path-exists/-/path-exists-3.0.0.tgz",
      "integrity": "sha1-zg6+ql94yxiSXqfYENe1mwEP1RU="
    },
    "pify": {
      "version": "2.3.0",
      "resolved": "https://registry.npmjs.org/pify/-/pify-2.3.0.tgz",
      "integrity": "sha1-7RQaasBDqEnqWISY59yosVMw6Qw="
    },
    "pkg-up": {
      "version": "2.0.0",
      "resolved": "https://registry.npmjs.org/pkg-up/-/pkg-up-2.0.0.tgz",
      "integrity": "sha1-yBmscoBZpGHKscOImivjxJoATX8=",
      "requires": {
        "find-up": "2.1.0"
      }
    },
    "signal-exit": {
      "version": "3.0.2",
      "resolved": "https://registry.npmjs.org/signal-exit/-/signal-exit-3.0.2.tgz",
      "integrity": "sha1-tf3AjxKH6hF4Yo5BXiUTK3NkbG0="
    },
    "tinycolor": {
      "version": "0.0.1",
      "resolved": "https://registry.npmjs.org/tinycolor/-/tinycolor-0.0.1.tgz",
      "integrity": "sha1-MgtaUtg6u1l42Bo+iH1K77FaYWQ="
    },
    "try-require": {
      "version": "1.2.1",
      "resolved": "https://registry.npmjs.org/try-require/-/try-require-1.2.1.tgz",
      "integrity": "sha1-NEiaLKwMCcHMEO2RugEVlNQzO+I="
    },
    "wordwrap": {
      "version": "0.0.3",
      "resolved": "https://registry.npmjs.org/wordwrap/-/wordwrap-0.0.3.tgz",
      "integrity": "sha1-o9XabNXAvAAI03I0u68b7WMFkQc="
    },
    "write-file-atomic": {
      "version": "2.3.0",
      "resolved": "https://registry.npmjs.org/write-file-atomic/-/write-file-atomic-2.3.0.tgz",
      "integrity": "sha512-xuPeK4OdjWqtfi59ylvVL0Yn35SF3zgcAcv7rBPFHVaEapaDr4GdGgm3j7ckTwH9wHL7fGmgfAnb0+THrHb8tA==",
      "requires": {
        "graceful-fs": "4.1.11",
        "imurmurhash": "0.1.4",
        "signal-exit": "3.0.2"
      }
    },
    "ws": {
      "version": "0.4.32",
      "resolved": "https://registry.npmjs.org/ws/-/ws-0.4.32.tgz",
      "integrity": "sha1-eHphVEFPPJntg8V3IVOyD+sM7DI=",
      "requires": {
        "commander": "2.1.0",
        "nan": "1.0.0",
        "options": "0.0.6",
        "tinycolor": "0.0.1"
      }
    }
  }
}
